// !$*UTF8*$!
{
	archiveVersion = 1;
	classes = {
	};
	objectVersion = 51;
	objects = {

/* Begin PBXBuildFile section */
		D38C47AC9D174B8AC1D6485F /* Pods_Instagram.framework in Frameworks */ = {isa = PBXBuildFile; fileRef = 2C88E75D68E1E0A1899E1E21 /* Pods_Instagram.framework */; };
		DD1897C72715035F0094354F /* AppDelegate.swift in Sources */ = {isa = PBXBuildFile; fileRef = DD1897C62715035F0094354F /* AppDelegate.swift */; };
		DD1897C92715035F0094354F /* SceneDelegate.swift in Sources */ = {isa = PBXBuildFile; fileRef = DD1897C82715035F0094354F /* SceneDelegate.swift */; };
		DD1897CB2715035F0094354F /* HomeViewController.swift in Sources */ = {isa = PBXBuildFile; fileRef = DD1897CA2715035F0094354F /* HomeViewController.swift */; };
		DD1897CE2715035F0094354F /* Main.storyboard in Resources */ = {isa = PBXBuildFile; fileRef = DD1897CC2715035F0094354F /* Main.storyboard */; };
		DD1897D0271503690094354F /* Assets.xcassets in Resources */ = {isa = PBXBuildFile; fileRef = DD1897CF271503690094354F /* Assets.xcassets */; };
		DD1897D3271503690094354F /* LaunchScreen.storyboard in Resources */ = {isa = PBXBuildFile; fileRef = DD1897D1271503690094354F /* LaunchScreen.storyboard */; };
		DD1897E0271505520094354F /* ExploreViewController.swift in Sources */ = {isa = PBXBuildFile; fileRef = DD1897DF271505520094354F /* ExploreViewController.swift */; };
		DD1897E2271505780094354F /* CameraViewController.swift in Sources */ = {isa = PBXBuildFile; fileRef = DD1897E1271505780094354F /* CameraViewController.swift */; };
		DD1897E42715058B0094354F /* NotificationViewController.swift in Sources */ = {isa = PBXBuildFile; fileRef = DD1897E32715058B0094354F /* NotificationViewController.swift */; };
		DD1897E6271505980094354F /* ProfileViewController.swift in Sources */ = {isa = PBXBuildFile; fileRef = DD1897E5271505980094354F /* ProfileViewController.swift */; };
		DD1897EB2715061D0094354F /* LoginViewController.swift in Sources */ = {isa = PBXBuildFile; fileRef = DD1897EA2715061D0094354F /* LoginViewController.swift */; };
		DD1897ED271506260094354F /* RegistrationViewController.swift in Sources */ = {isa = PBXBuildFile; fileRef = DD1897EC271506260094354F /* RegistrationViewController.swift */; };
		DD1897EF2715063C0094354F /* PostViewController.swift in Sources */ = {isa = PBXBuildFile; fileRef = DD1897EE2715063C0094354F /* PostViewController.swift */; };
		DD1897F12715065D0094354F /* EditProfileViewController.swift in Sources */ = {isa = PBXBuildFile; fileRef = DD1897F02715065D0094354F /* EditProfileViewController.swift */; };
		DD1897F3271506670094354F /* SettingsViewController.swift in Sources */ = {isa = PBXBuildFile; fileRef = DD1897F2271506670094354F /* SettingsViewController.swift */; };
		DD1897F5271506780094354F /* ListViewController.swift in Sources */ = {isa = PBXBuildFile; fileRef = DD1897F4271506780094354F /* ListViewController.swift */; };
		DD1897F7271506BA0094354F /* SearchViewController.swift in Sources */ = {isa = PBXBuildFile; fileRef = DD1897F6271506BA0094354F /* SearchViewController.swift */; };
		DD1897F9271506CC0094354F /* SearchResultViewController.swift in Sources */ = {isa = PBXBuildFile; fileRef = DD1897F8271506CC0094354F /* SearchResultViewController.swift */; };
		DD1897FB271506F60094354F /* PostEditorViewController.swift in Sources */ = {isa = PBXBuildFile; fileRef = DD1897FA271506F60094354F /* PostEditorViewController.swift */; };
		DD1897FD271507050094354F /* PublishPostViewController.swift in Sources */ = {isa = PBXBuildFile; fileRef = DD1897FC271507050094354F /* PublishPostViewController.swift */; };
		DD8598482717C8210093AE67 /* GoogleService-Info.plist in Resources */ = {isa = PBXBuildFile; fileRef = DD8598472717C8210093AE67 /* GoogleService-Info.plist */; };
		DD85984A2717CB4D0093AE67 /* DatabaseManager.swift in Sources */ = {isa = PBXBuildFile; fileRef = DD8598492717CB4D0093AE67 /* DatabaseManager.swift */; };
		DD85984C2717CBDB0093AE67 /* AuthManager.swift in Sources */ = {isa = PBXBuildFile; fileRef = DD85984B2717CBDB0093AE67 /* AuthManager.swift */; };
		DD85984E2717CC240093AE67 /* StorageManager.swift in Sources */ = {isa = PBXBuildFile; fileRef = DD85984D2717CC240093AE67 /* StorageManager.swift */; };
/* End PBXBuildFile section */

/* Begin PBXFileReference section */
		2C88E75D68E1E0A1899E1E21 /* Pods_Instagram.framework */ = {isa = PBXFileReference; explicitFileType = wrapper.framework; includeInIndex = 0; path = Pods_Instagram.framework; sourceTree = BUILT_PRODUCTS_DIR; };
		82B4E7D48F9697FB9F1E6DA8 /* Pods-Instagram.debug.xcconfig */ = {isa = PBXFileReference; includeInIndex = 1; lastKnownFileType = text.xcconfig; name = "Pods-Instagram.debug.xcconfig"; path = "Target Support Files/Pods-Instagram/Pods-Instagram.debug.xcconfig"; sourceTree = "<group>"; };
		8C60F9A898DBA86966438D61 /* Pods-Instagram.release.xcconfig */ = {isa = PBXFileReference; includeInIndex = 1; lastKnownFileType = text.xcconfig; name = "Pods-Instagram.release.xcconfig"; path = "Target Support Files/Pods-Instagram/Pods-Instagram.release.xcconfig"; sourceTree = "<group>"; };
		DD1897C32715035F0094354F /* Instagram.app */ = {isa = PBXFileReference; explicitFileType = wrapper.application; includeInIndex = 0; path = Instagram.app; sourceTree = BUILT_PRODUCTS_DIR; };
		DD1897C62715035F0094354F /* AppDelegate.swift */ = {isa = PBXFileReference; lastKnownFileType = sourcecode.swift; path = AppDelegate.swift; sourceTree = "<group>"; };
		DD1897C82715035F0094354F /* SceneDelegate.swift */ = {isa = PBXFileReference; lastKnownFileType = sourcecode.swift; path = SceneDelegate.swift; sourceTree = "<group>"; };
		DD1897CA2715035F0094354F /* HomeViewController.swift */ = {isa = PBXFileReference; lastKnownFileType = sourcecode.swift; path = HomeViewController.swift; sourceTree = "<group>"; };
		DD1897CD2715035F0094354F /* Base */ = {isa = PBXFileReference; lastKnownFileType = file.storyboard; name = Base; path = Base.lproj/Main.storyboard; sourceTree = "<group>"; };
		DD1897CF271503690094354F /* Assets.xcassets */ = {isa = PBXFileReference; lastKnownFileType = folder.assetcatalog; path = Assets.xcassets; sourceTree = "<group>"; };
		DD1897D2271503690094354F /* Base */ = {isa = PBXFileReference; lastKnownFileType = file.storyboard; name = Base; path = Base.lproj/LaunchScreen.storyboard; sourceTree = "<group>"; };
		DD1897D4271503690094354F /* Info.plist */ = {isa = PBXFileReference; lastKnownFileType = text.plist.xml; path = Info.plist; sourceTree = "<group>"; };
		DD1897DF271505520094354F /* ExploreViewController.swift */ = {isa = PBXFileReference; lastKnownFileType = sourcecode.swift; path = ExploreViewController.swift; sourceTree = "<group>"; };
		DD1897E1271505780094354F /* CameraViewController.swift */ = {isa = PBXFileReference; lastKnownFileType = sourcecode.swift; path = CameraViewController.swift; sourceTree = "<group>"; };
		DD1897E32715058B0094354F /* NotificationViewController.swift */ = {isa = PBXFileReference; lastKnownFileType = sourcecode.swift; path = NotificationViewController.swift; sourceTree = "<group>"; };
		DD1897E5271505980094354F /* ProfileViewController.swift */ = {isa = PBXFileReference; lastKnownFileType = sourcecode.swift; path = ProfileViewController.swift; sourceTree = "<group>"; };
		DD1897EA2715061D0094354F /* LoginViewController.swift */ = {isa = PBXFileReference; lastKnownFileType = sourcecode.swift; path = LoginViewController.swift; sourceTree = "<group>"; };
		DD1897EC271506260094354F /* RegistrationViewController.swift */ = {isa = PBXFileReference; lastKnownFileType = sourcecode.swift; path = RegistrationViewController.swift; sourceTree = "<group>"; };
		DD1897EE2715063C0094354F /* PostViewController.swift */ = {isa = PBXFileReference; lastKnownFileType = sourcecode.swift; path = PostViewController.swift; sourceTree = "<group>"; };
		DD1897F02715065D0094354F /* EditProfileViewController.swift */ = {isa = PBXFileReference; lastKnownFileType = sourcecode.swift; path = EditProfileViewController.swift; sourceTree = "<group>"; };
		DD1897F2271506670094354F /* SettingsViewController.swift */ = {isa = PBXFileReference; lastKnownFileType = sourcecode.swift; path = SettingsViewController.swift; sourceTree = "<group>"; };
		DD1897F4271506780094354F /* ListViewController.swift */ = {isa = PBXFileReference; lastKnownFileType = sourcecode.swift; path = ListViewController.swift; sourceTree = "<group>"; };
		DD1897F6271506BA0094354F /* SearchViewController.swift */ = {isa = PBXFileReference; lastKnownFileType = sourcecode.swift; path = SearchViewController.swift; sourceTree = "<group>"; };
		DD1897F8271506CC0094354F /* SearchResultViewController.swift */ = {isa = PBXFileReference; lastKnownFileType = sourcecode.swift; path = SearchResultViewController.swift; sourceTree = "<group>"; };
		DD1897FA271506F60094354F /* PostEditorViewController.swift */ = {isa = PBXFileReference; lastKnownFileType = sourcecode.swift; path = PostEditorViewController.swift; sourceTree = "<group>"; };
		DD1897FC271507050094354F /* PublishPostViewController.swift */ = {isa = PBXFileReference; lastKnownFileType = sourcecode.swift; path = PublishPostViewController.swift; sourceTree = "<group>"; };
		DD8598472717C8210093AE67 /* GoogleService-Info.plist */ = {isa = PBXFileReference; fileEncoding = 4; lastKnownFileType = text.plist.xml; path = "GoogleService-Info.plist"; sourceTree = "<group>"; };
		DD8598492717CB4D0093AE67 /* DatabaseManager.swift */ = {isa = PBXFileReference; lastKnownFileType = sourcecode.swift; path = DatabaseManager.swift; sourceTree = "<group>"; };
		DD85984B2717CBDB0093AE67 /* AuthManager.swift */ = {isa = PBXFileReference; lastKnownFileType = sourcecode.swift; path = AuthManager.swift; sourceTree = "<group>"; };
		DD85984D2717CC240093AE67 /* StorageManager.swift */ = {isa = PBXFileReference; lastKnownFileType = sourcecode.swift; path = StorageManager.swift; sourceTree = "<group>"; };
/* End PBXFileReference section */

/* Begin PBXFrameworksBuildPhase section */
		DD1897C02715035F0094354F /* Frameworks */ = {
			isa = PBXFrameworksBuildPhase;
			buildActionMask = 2147483647;
			files = (
				D38C47AC9D174B8AC1D6485F /* Pods_Instagram.framework in Frameworks */,
			);
			runOnlyForDeploymentPostprocessing = 0;
		};
/* End PBXFrameworksBuildPhase section */

/* Begin PBXGroup section */
		DD1897BA2715035F0094354F = {
			isa = PBXGroup;
			children = (
				DD1897C52715035F0094354F /* Instagram */,
				DD1897C42715035F0094354F /* Products */,
				EB500354AD30A886F7B90B96 /* Pods */,
				F0DD9A78A620138ED8FB5A22 /* Frameworks */,
			);
			sourceTree = "<group>";
		};
		DD1897C42715035F0094354F /* Products */ = {
			isa = PBXGroup;
			children = (
				DD1897C32715035F0094354F /* Instagram.app */,
			);
			name = Products;
			sourceTree = "<group>";
		};
		DD1897C52715035F0094354F /* Instagram */ = {
			isa = PBXGroup;
			children = (
				DD1897DD271504A30094354F /* Resources */,
				DD1897DC2715049C0094354F /* Models */,
				DD1897DB271504960094354F /* Views */,
				DD1897DA2715048C0094354F /* Controllers */,
				DD1897D4271503690094354F /* Info.plist */,
			);
			path = Instagram;
			sourceTree = "<group>";
		};
		DD1897DA2715048C0094354F /* Controllers */ = {
			isa = PBXGroup;
			children = (
				DD1897E8271506060094354F /* Other */,
				DD1897E7271505A40094354F /* Core Tabs */,
			);
			path = Controllers;
			sourceTree = "<group>";
		};
		DD1897DB271504960094354F /* Views */ = {
			isa = PBXGroup;
			children = (
				DD1897DE271504CE0094354F /* Storyboards */,
				DD1897CF271503690094354F /* Assets.xcassets */,
			);
			path = Views;
			sourceTree = "<group>";
		};
		DD1897DC2715049C0094354F /* Models */ = {
			isa = PBXGroup;
			children = (
			);
			path = Models;
			sourceTree = "<group>";
		};
		DD1897DD271504A30094354F /* Resources */ = {
			isa = PBXGroup;
			children = (
				DD8598472717C8210093AE67 /* GoogleService-Info.plist */,
				DD1897C62715035F0094354F /* AppDelegate.swift */,
				DD1897C82715035F0094354F /* SceneDelegate.swift */,
				DD8598492717CB4D0093AE67 /* DatabaseManager.swift */,
				DD85984B2717CBDB0093AE67 /* AuthManager.swift */,
				DD85984D2717CC240093AE67 /* StorageManager.swift */,
			);
			path = Resources;
			sourceTree = "<group>";
		};
		DD1897DE271504CE0094354F /* Storyboards */ = {
			isa = PBXGroup;
			children = (
				DD1897CC2715035F0094354F /* Main.storyboard */,
				DD1897D1271503690094354F /* LaunchScreen.storyboard */,
			);
			path = Storyboards;
			sourceTree = "<group>";
		};
		DD1897E7271505A40094354F /* Core Tabs */ = {
			isa = PBXGroup;
			children = (
				DD1897CA2715035F0094354F /* HomeViewController.swift */,
				DD1897DF271505520094354F /* ExploreViewController.swift */,
				DD1897E1271505780094354F /* CameraViewController.swift */,
				DD1897E32715058B0094354F /* NotificationViewController.swift */,
				DD1897E5271505980094354F /* ProfileViewController.swift */,
			);
			path = "Core Tabs";
			sourceTree = "<group>";
		};
		DD1897E8271506060094354F /* Other */ = {
			isa = PBXGroup;
			children = (
				DD1897E9271506150094354F /* Onboarding */,
				DD1897EE2715063C0094354F /* PostViewController.swift */,
				DD1897F02715065D0094354F /* EditProfileViewController.swift */,
				DD1897F2271506670094354F /* SettingsViewController.swift */,
				DD1897F4271506780094354F /* ListViewController.swift */,
				DD1897F6271506BA0094354F /* SearchViewController.swift */,
				DD1897F8271506CC0094354F /* SearchResultViewController.swift */,
				DD1897FA271506F60094354F /* PostEditorViewController.swift */,
				DD1897FC271507050094354F /* PublishPostViewController.swift */,
			);
			path = Other;
			sourceTree = "<group>";
		};
		DD1897E9271506150094354F /* Onboarding */ = {
			isa = PBXGroup;
			children = (
				DD1897EA2715061D0094354F /* LoginViewController.swift */,
				DD1897EC271506260094354F /* RegistrationViewController.swift */,
			);
			path = Onboarding;
			sourceTree = "<group>";
		};
		EB500354AD30A886F7B90B96 /* Pods */ = {
			isa = PBXGroup;
			children = (
				82B4E7D48F9697FB9F1E6DA8 /* Pods-Instagram.debug.xcconfig */,
				8C60F9A898DBA86966438D61 /* Pods-Instagram.release.xcconfig */,
			);
			path = Pods;
			sourceTree = "<group>";
		};
		F0DD9A78A620138ED8FB5A22 /* Frameworks */ = {
			isa = PBXGroup;
			children = (
				2C88E75D68E1E0A1899E1E21 /* Pods_Instagram.framework */,
			);
			name = Frameworks;
			sourceTree = "<group>";
		};
/* End PBXGroup section */

/* Begin PBXNativeTarget section */
		DD1897C22715035F0094354F /* Instagram */ = {
			isa = PBXNativeTarget;
			buildConfigurationList = DD1897D7271503690094354F /* Build configuration list for PBXNativeTarget "Instagram" */;
			buildPhases = (
				C741D1AA99772C70DB4EC39B /* [CP] Check Pods Manifest.lock */,
				DD1897BF2715035F0094354F /* Sources */,
				DD1897C02715035F0094354F /* Frameworks */,
				DD1897C12715035F0094354F /* Resources */,
				30EA7103B7FCA1B9BD72D87C /* [CP] Embed Pods Frameworks */,
			);
			buildRules = (
			);
			dependencies = (
			);
			name = Instagram;
			productName = Instagram;
			productReference = DD1897C32715035F0094354F /* Instagram.app */;
			productType = "com.apple.product-type.application";
		};
/* End PBXNativeTarget section */

/* Begin PBXProject section */
		DD1897BB2715035F0094354F /* Project object */ = {
			isa = PBXProject;
			attributes = {
				LastSwiftUpdateCheck = 1250;
				LastUpgradeCheck = 1250;
				TargetAttributes = {
					DD1897C22715035F0094354F = {
						CreatedOnToolsVersion = 12.5.1;
					};
				};
			};
			buildConfigurationList = DD1897BE2715035F0094354F /* Build configuration list for PBXProject "Instagram" */;
			compatibilityVersion = "Xcode 9.3";
			developmentRegion = en;
			hasScannedForEncodings = 0;
			knownRegions = (
				en,
				Base,
			);
			mainGroup = DD1897BA2715035F0094354F;
			productRefGroup = DD1897C42715035F0094354F /* Products */;
			projectDirPath = "";
			projectRoot = "";
			targets = (
				DD1897C22715035F0094354F /* Instagram */,
			);
		};
/* End PBXProject section */

/* Begin PBXResourcesBuildPhase section */
		DD1897C12715035F0094354F /* Resources */ = {
			isa = PBXResourcesBuildPhase;
			buildActionMask = 2147483647;
			files = (
				DD1897D3271503690094354F /* LaunchScreen.storyboard in Resources */,
				DD1897D0271503690094354F /* Assets.xcassets in Resources */,
				DD8598482717C8210093AE67 /* GoogleService-Info.plist in Resources */,
				DD1897CE2715035F0094354F /* Main.storyboard in Resources */,
			);
			runOnlyForDeploymentPostprocessing = 0;
		};
/* End PBXResourcesBuildPhase section */

/* Begin PBXShellScriptBuildPhase section */
		30EA7103B7FCA1B9BD72D87C /* [CP] Embed Pods Frameworks */ = {
			isa = PBXShellScriptBuildPhase;
			buildActionMask = 2147483647;
			files = (
			);
			inputFileListPaths = (
				"${PODS_ROOT}/Target Support Files/Pods-Instagram/Pods-Instagram-frameworks-${CONFIGURATION}-input-files.xcfilelist",
			);
			name = "[CP] Embed Pods Frameworks";
			outputFileListPaths = (
				"${PODS_ROOT}/Target Support Files/Pods-Instagram/Pods-Instagram-frameworks-${CONFIGURATION}-output-files.xcfilelist",
			);
			runOnlyForDeploymentPostprocessing = 0;
			shellPath = /bin/sh;
			shellScript = "\"${PODS_ROOT}/Target Support Files/Pods-Instagram/Pods-Instagram-frameworks.sh\"\n";
			showEnvVarsInLog = 0;
		};
		C741D1AA99772C70DB4EC39B /* [CP] Check Pods Manifest.lock */ = {
			isa = PBXShellScriptBuildPhase;
			buildActionMask = 2147483647;
			files = (
			);
			inputFileListPaths = (
			);
			inputPaths = (
				"${PODS_PODFILE_DIR_PATH}/Podfile.lock",
				"${PODS_ROOT}/Manifest.lock",
			);
			name = "[CP] Check Pods Manifest.lock";
			outputFileListPaths = (
			);
			outputPaths = (
				"$(DERIVED_FILE_DIR)/Pods-Instagram-checkManifestLockResult.txt",
			);
			runOnlyForDeploymentPostprocessing = 0;
			shellPath = /bin/sh;
			shellScript = "diff \"${PODS_PODFILE_DIR_PATH}/Podfile.lock\" \"${PODS_ROOT}/Manifest.lock\" > /dev/null\nif [ $? != 0 ] ; then\n    # print error to STDERR\n    echo \"error: The sandbox is not in sync with the Podfile.lock. Run 'pod install' or update your CocoaPods installation.\" >&2\n    exit 1\nfi\n# This output is used by Xcode 'outputs' to avoid re-running this script phase.\necho \"SUCCESS\" > \"${SCRIPT_OUTPUT_FILE_0}\"\n";
			showEnvVarsInLog = 0;
		};
/* End PBXShellScriptBuildPhase section */

/* Begin PBXSourcesBuildPhase section */
		DD1897BF2715035F0094354F /* Sources */ = {
			isa = PBXSourcesBuildPhase;
			buildActionMask = 2147483647;
			files = (
				DD1897F12715065D0094354F /* EditProfileViewController.swift in Sources */,
				DD1897E0271505520094354F /* ExploreViewController.swift in Sources */,
				DD1897FD271507050094354F /* PublishPostViewController.swift in Sources */,
				DD1897E2271505780094354F /* CameraViewController.swift in Sources */,
				DD1897E42715058B0094354F /* NotificationViewController.swift in Sources */,
				DD1897ED271506260094354F /* RegistrationViewController.swift in Sources */,
				DD1897FB271506F60094354F /* PostEditorViewController.swift in Sources */,
				DD85984E2717CC240093AE67 /* StorageManager.swift in Sources */,
				DD1897EF2715063C0094354F /* PostViewController.swift in Sources */,
				DD85984A2717CB4D0093AE67 /* DatabaseManager.swift in Sources */,
				DD1897CB2715035F0094354F /* HomeViewController.swift in Sources */,
				DD1897F9271506CC0094354F /* SearchResultViewController.swift in Sources */,
				DD1897EB2715061D0094354F /* LoginViewController.swift in Sources */,
				DD1897F7271506BA0094354F /* SearchViewController.swift in Sources */,
				DD1897E6271505980094354F /* ProfileViewController.swift in Sources */,
				DD85984C2717CBDB0093AE67 /* AuthManager.swift in Sources */,
				DD1897C72715035F0094354F /* AppDelegate.swift in Sources */,
				DD1897C92715035F0094354F /* SceneDelegate.swift in Sources */,
				DD1897F5271506780094354F /* ListViewController.swift in Sources */,
				DD1897F3271506670094354F /* SettingsViewController.swift in Sources */,
			);
			runOnlyForDeploymentPostprocessing = 0;
		};
/* End PBXSourcesBuildPhase section */

/* Begin PBXVariantGroup section */
		DD1897CC2715035F0094354F /* Main.storyboard */ = {
			isa = PBXVariantGroup;
			children = (
				DD1897CD2715035F0094354F /* Base */,
			);
			name = Main.storyboard;
			sourceTree = "<group>";
		};
		DD1897D1271503690094354F /* LaunchScreen.storyboard */ = {
			isa = PBXVariantGroup;
			children = (
				DD1897D2271503690094354F /* Base */,
			);
			name = LaunchScreen.storyboard;
			sourceTree = "<group>";
		};
/* End PBXVariantGroup section */

/* Begin XCBuildConfiguration section */
		DD1897D5271503690094354F /* Debug */ = {
			isa = XCBuildConfiguration;
			buildSettings = {
				ALWAYS_SEARCH_USER_PATHS = NO;
				CLANG_ANALYZER_NONNULL = YES;
				CLANG_ANALYZER_NUMBER_OBJECT_CONVERSION = YES_AGGRESSIVE;
				CLANG_CXX_LANGUAGE_STANDARD = "gnu++14";
				CLANG_CXX_LIBRARY = "libc++";
				CLANG_ENABLE_MODULES = YES;
				CLANG_ENABLE_OBJC_ARC = YES;
				CLANG_ENABLE_OBJC_WEAK = YES;
				CLANG_WARN_BLOCK_CAPTURE_AUTORELEASING = YES;
				CLANG_WARN_BOOL_CONVERSION = YES;
				CLANG_WARN_COMMA = YES;
				CLANG_WARN_CONSTANT_CONVERSION = YES;
				CLANG_WARN_DEPRECATED_OBJC_IMPLEMENTATIONS = YES;
				CLANG_WARN_DIRECT_OBJC_ISA_USAGE = YES_ERROR;
				CLANG_WARN_DOCUMENTATION_COMMENTS = YES;
				CLANG_WARN_EMPTY_BODY = YES;
				CLANG_WARN_ENUM_CONVERSION = YES;
				CLANG_WARN_INFINITE_RECURSION = YES;
				CLANG_WARN_INT_CONVERSION = YES;
				CLANG_WARN_NON_LITERAL_NULL_CONVERSION = YES;
				CLANG_WARN_OBJC_IMPLICIT_RETAIN_SELF = YES;
				CLANG_WARN_OBJC_LITERAL_CONVERSION = YES;
				CLANG_WARN_OBJC_ROOT_CLASS = YES_ERROR;
				CLANG_WARN_QUOTED_INCLUDE_IN_FRAMEWORK_HEADER = YES;
				CLANG_WARN_RANGE_LOOP_ANALYSIS = YES;
				CLANG_WARN_STRICT_PROTOTYPES = YES;
				CLANG_WARN_SUSPICIOUS_MOVE = YES;
				CLANG_WARN_UNGUARDED_AVAILABILITY = YES_AGGRESSIVE;
				CLANG_WARN_UNREACHABLE_CODE = YES;
				CLANG_WARN__DUPLICATE_METHOD_MATCH = YES;
				COPY_PHASE_STRIP = NO;
				DEBUG_INFORMATION_FORMAT = dwarf;
				ENABLE_STRICT_OBJC_MSGSEND = YES;
				ENABLE_TESTABILITY = YES;
				GCC_C_LANGUAGE_STANDARD = gnu11;
				GCC_DYNAMIC_NO_PIC = NO;
				GCC_NO_COMMON_BLOCKS = YES;
				GCC_OPTIMIZATION_LEVEL = 0;
				GCC_PREPROCESSOR_DEFINITIONS = (
					"DEBUG=1",
					"$(inherited)",
				);
				GCC_WARN_64_TO_32_BIT_CONVERSION = YES;
				GCC_WARN_ABOUT_RETURN_TYPE = YES_ERROR;
				GCC_WARN_UNDECLARED_SELECTOR = YES;
				GCC_WARN_UNINITIALIZED_AUTOS = YES_AGGRESSIVE;
				GCC_WARN_UNUSED_FUNCTION = YES;
				GCC_WARN_UNUSED_VARIABLE = YES;
				IPHONEOS_DEPLOYMENT_TARGET = 14.5;
				MTL_ENABLE_DEBUG_INFO = INCLUDE_SOURCE;
				MTL_FAST_MATH = YES;
				ONLY_ACTIVE_ARCH = YES;
				SDKROOT = iphoneos;
				SWIFT_ACTIVE_COMPILATION_CONDITIONS = DEBUG;
				SWIFT_OPTIMIZATION_LEVEL = "-Onone";
			};
			name = Debug;
		};
		DD1897D6271503690094354F /* Release */ = {
			isa = XCBuildConfiguration;
			buildSettings = {
				ALWAYS_SEARCH_USER_PATHS = NO;
				CLANG_ANALYZER_NONNULL = YES;
				CLANG_ANALYZER_NUMBER_OBJECT_CONVERSION = YES_AGGRESSIVE;
				CLANG_CXX_LANGUAGE_STANDARD = "gnu++14";
				CLANG_CXX_LIBRARY = "libc++";
				CLANG_ENABLE_MODULES = YES;
				CLANG_ENABLE_OBJC_ARC = YES;
				CLANG_ENABLE_OBJC_WEAK = YES;
				CLANG_WARN_BLOCK_CAPTURE_AUTORELEASING = YES;
				CLANG_WARN_BOOL_CONVERSION = YES;
				CLANG_WARN_COMMA = YES;
				CLANG_WARN_CONSTANT_CONVERSION = YES;
				CLANG_WARN_DEPRECATED_OBJC_IMPLEMENTATIONS = YES;
				CLANG_WARN_DIRECT_OBJC_ISA_USAGE = YES_ERROR;
				CLANG_WARN_DOCUMENTATION_COMMENTS = YES;
				CLANG_WARN_EMPTY_BODY = YES;
				CLANG_WARN_ENUM_CONVERSION = YES;
				CLANG_WARN_INFINITE_RECURSION = YES;
				CLANG_WARN_INT_CONVERSION = YES;
				CLANG_WARN_NON_LITERAL_NULL_CONVERSION = YES;
				CLANG_WARN_OBJC_IMPLICIT_RETAIN_SELF = YES;
				CLANG_WARN_OBJC_LITERAL_CONVERSION = YES;
				CLANG_WARN_OBJC_ROOT_CLASS = YES_ERROR;
				CLANG_WARN_QUOTED_INCLUDE_IN_FRAMEWORK_HEADER = YES;
				CLANG_WARN_RANGE_LOOP_ANALYSIS = YES;
				CLANG_WARN_STRICT_PROTOTYPES = YES;
				CLANG_WARN_SUSPICIOUS_MOVE = YES;
				CLANG_WARN_UNGUARDED_AVAILABILITY = YES_AGGRESSIVE;
				CLANG_WARN_UNREACHABLE_CODE = YES;
				CLANG_WARN__DUPLICATE_METHOD_MATCH = YES;
				COPY_PHASE_STRIP = NO;
				DEBUG_INFORMATION_FORMAT = "dwarf-with-dsym";
				ENABLE_NS_ASSERTIONS = NO;
				ENABLE_STRICT_OBJC_MSGSEND = YES;
				GCC_C_LANGUAGE_STANDARD = gnu11;
				GCC_NO_COMMON_BLOCKS = YES;
				GCC_WARN_64_TO_32_BIT_CONVERSION = YES;
				GCC_WARN_ABOUT_RETURN_TYPE = YES_ERROR;
				GCC_WARN_UNDECLARED_SELECTOR = YES;
				GCC_WARN_UNINITIALIZED_AUTOS = YES_AGGRESSIVE;
				GCC_WARN_UNUSED_FUNCTION = YES;
				GCC_WARN_UNUSED_VARIABLE = YES;
				IPHONEOS_DEPLOYMENT_TARGET = 14.5;
				MTL_ENABLE_DEBUG_INFO = NO;
				MTL_FAST_MATH = YES;
				SDKROOT = iphoneos;
				SWIFT_COMPILATION_MODE = wholemodule;
				SWIFT_OPTIMIZATION_LEVEL = "-O";
				VALIDATE_PRODUCT = YES;
			};
			name = Release;
		};
		DD1897D8271503690094354F /* Debug */ = {
			isa = XCBuildConfiguration;
			baseConfigurationReference = 82B4E7D48F9697FB9F1E6DA8 /* Pods-Instagram.debug.xcconfig */;
			buildSettings = {
				ASSETCATALOG_COMPILER_APPICON_NAME = AppIcon;
				ASSETCATALOG_COMPILER_GLOBAL_ACCENT_COLOR_NAME = AccentColor;
				CODE_SIGN_STYLE = Automatic;
				DEVELOPMENT_TEAM = MWM578QRE5;
				INFOPLIST_FILE = Instagram/Info.plist;
				LD_RUNPATH_SEARCH_PATHS = (
					"$(inherited)",
					"@executable_path/Frameworks",
				);
				PRODUCT_BUNDLE_IDENTIFIER = com.eborrowman.Instagram;
				PRODUCT_NAME = "$(TARGET_NAME)";
				SWIFT_VERSION = 5.0;
				TARGETED_DEVICE_FAMILY = "1,2";
			};
			name = Debug;
		};
		DD1897D9271503690094354F /* Release */ = {
			isa = XCBuildConfiguration;
			baseConfigurationReference = 8C60F9A898DBA86966438D61 /* Pods-Instagram.release.xcconfig */;
			buildSettings = {
				ASSETCATALOG_COMPILER_APPICON_NAME = AppIcon;
				ASSETCATALOG_COMPILER_GLOBAL_ACCENT_COLOR_NAME = AccentColor;
				CODE_SIGN_STYLE = Automatic;
				DEVELOPMENT_TEAM = MWM578QRE5;
				INFOPLIST_FILE = Instagram/Info.plist;
				LD_RUNPATH_SEARCH_PATHS = (
					"$(inherited)",
					"@executable_path/Frameworks",
				);
				PRODUCT_BUNDLE_IDENTIFIER = com.eborrowman.Instagram;
				PRODUCT_NAME = "$(TARGET_NAME)";
				SWIFT_VERSION = 5.0;
				TARGETED_DEVICE_FAMILY = "1,2";
			};
			name = Release;
		};
/* End XCBuildConfiguration section */

/* Begin XCConfigurationList section */
		DD1897BE2715035F0094354F /* Build configuration list for PBXProject "Instagram" */ = {
			isa = XCConfigurationList;
			buildConfigurations = (
				DD1897D5271503690094354F /* Debug */,
				DD1897D6271503690094354F /* Release */,
			);
			defaultConfigurationIsVisible = 0;
			defaultConfigurationName = Release;
		};
		DD1897D7271503690094354F /* Build configuration list for PBXNativeTarget "Instagram" */ = {
			isa = XCConfigurationList;
			buildConfigurations = (
				DD1897D8271503690094354F /* Debug */,
				DD1897D9271503690094354F /* Release */,
			);
			defaultConfigurationIsVisible = 0;
			defaultConfigurationName = Release;
		};
/* End XCConfigurationList section */
	};
	rootObject = DD1897BB2715035F0094354F /* Project object */;
}
